
Microsoft Visual Studio Solution File, Format Version 12.00
# Visual Studio 2013
VisualStudioVersion = 12.0.21005.1
MinimumVisualStudioVersion = 10.0.40219.1
Project("{FAE04EC0-301F-11D3-BF4B-00C04F79EFBC}") = "Project2-Engi3675", "Project2-Engi3675\Project2-Engi3675.csproj", "{5D05987A-CAEA-4092-9D7C-13C270241989}"
EndProject
Project("{7CF6DF6D-3B04-46F8-A40B-537D21BCA0B4}") = "Documentation", "Documentation\Documentation.shfbproj", "{921413EB-17B0-4F5D-BAAE-69AF39604BAD}"
EndProject
Project("{FAE04EC0-301F-11D3-BF4B-00C04F79EFBC}") = "UnitTestProject1", "UnitTestProject1\UnitTestProject1.csproj", "{ECC2CD29-DAEA-4A3F-B658-9566E560E67C}"
EndProject
Global
	GlobalSection(SolutionConfigurationPlatforms) = preSolution
		Debug|Any CPU = Debug|Any CPU
		Debug|ARM = Debug|ARM
		Debug|x64 = Debug|x64
		Debug|x86 = Debug|x86
		Release|Any CPU = Release|Any CPU
		Release|ARM = Release|ARM
		Release|x64 = Release|x64
		Release|x86 = Release|x86
	EndGlobalSection
	GlobalSection(ProjectConfigurationPlatforms) = postSolution
		{5D05987A-CAEA-4092-9D7C-13C270241989}.Debug|Any CPU.ActiveCfg = Debug|Any CPU
		{5D05987A-CAEA-4092-9D7C-13C270241989}.Debug|Any CPU.Build.0 = Debug|Any CPU
		{5D05987A-CAEA-4092-9D7C-13C270241989}.Debug|ARM.ActiveCfg = Debug|Any CPU
		{5D05987A-CAEA-4092-9D7C-13C270241989}.Debug|x64.ActiveCfg = Debug|Any CPU
		{5D05987A-CAEA-4092-9D7C-13C270241989}.Debug|x86.ActiveCfg = Debug|Any CPU
		{5D05987A-CAEA-4092-9D7C-13C270241989}.Release|Any CPU.ActiveCfg = Release|Any CPU
		{5D05987A-CAEA-4092-9D7C-13C270241989}.Release|Any CPU.Build.0 = Release|Any CPU
		{5D05987A-CAEA-4092-9D7C-13C270241989}.Release|ARM.ActiveCfg = Release|Any CPU
		{5D05987A-CAEA-4092-9D7C-13C270241989}.Release|x64.ActiveCfg = Release|Any CPU
		{5D05987A-CAEA-4092-9D7C-13C270241989}.Release|x86.ActiveCfg = Release|Any CPU
		{921413EB-17B0-4F5D-BAAE-69AF39604BAD}.Debug|Any CPU.ActiveCfg = Debug|Any CPU
		{921413EB-17B0-4F5D-BAAE-69AF39604BAD}.Debug|Any CPU.Build.0 = Debug|Any CPU
		{921413EB-17B0-4F5D-BAAE-69AF39604BAD}.Debug|ARM.ActiveCfg = Debug|Any CPU
		{921413EB-17B0-4F5D-BAAE-69AF39604BAD}.Debug|x64.ActiveCfg = Debug|Any CPU
		{921413EB-17B0-4F5D-BAAE-69AF39604BAD}.Debug|x86.ActiveCfg = Debug|Any CPU
		{921413EB-17B0-4F5D-BAAE-69AF39604BAD}.Release|Any CPU.ActiveCfg = Release|Any CPU
		{921413EB-17B0-4F5D-BAAE-69AF39604BAD}.Release|Any CPU.Build.0 = Release|Any CPU
		{921413EB-17B0-4F5D-BAAE-69AF39604BAD}.Release|ARM.ActiveCfg = Release|Any CPU
		{921413EB-17B0-4F5D-BAAE-69AF39604BAD}.Release|x64.ActiveCfg = Release|Any CPU
		{921413EB-17B0-4F5D-BAAE-69AF39604BAD}.Release|x86.ActiveCfg = Release|Any CPU
		{ECC2CD29-DAEA-4A3F-B658-9566E560E67C}.Debug|Any CPU.ActiveCfg = Debug|Any CPU
		{ECC2CD29-DAEA-4A3F-B658-9566E560E67C}.Debug|Any CPU.Build.0 = Debug|Any CPU
		{ECC2CD29-DAEA-4A3F-B658-9566E560E67C}.Debug|ARM.ActiveCfg = Debug|Any CPU
		{ECC2CD29-DAEA-4A3F-B658-9566E560E67C}.Debug|x64.ActiveCfg = Debug|Any CPU
		{ECC2CD29-DAEA-4A3F-B658-9566E560E67C}.Debug|x86.ActiveCfg = Debug|Any CPU
		{ECC2CD29-DAEA-4A3F-B658-9566E560E67C}.Release|Any CPU.ActiveCfg = Release|Any CPU
		{ECC2CD29-DAEA-4A3F-B658-9566E560E67C}.Release|Any CPU.Build.0 = Release|Any CPU
		{ECC2CD29-DAEA-4A3F-B658-9566E560E67C}.Release|ARM.ActiveCfg = Release|Any CPU
		{ECC2CD29-DAEA-4A3F-B658-9566E560E67C}.Release|x64.ActiveCfg = Release|Any CPU
		{ECC2CD29-DAEA-4A3F-B658-9566E560E67C}.Release|x86.ActiveCfg = Release|Any CPU
	EndGlobalSection
	GlobalSection(SolutionProperties) = preSolution
		HideSolutionNode = FALSE
	EndGlobalSection
EndGlobal
