
Microsoft Visual Studio Solution File, Format Version 12.00
# Visual Studio 2013
VisualStudioVersion = 12.0.31101.0
MinimumVisualStudioVersion = 10.0.40219.1
Project("{FAE04EC0-301F-11D3-BF4B-00C04F79EFBC}") = "Project2-Engi3675", "Project2-Engi3675\Project2-Engi3675.csproj", "{5D05987A-CAEA-4092-9D7C-13C270241989}"
EndProject
Project("{7CF6DF6D-3B04-46F8-A40B-537D21BCA0B4}") = "Documentation", "Documentation\Documentation.shfbproj", "{921413EB-17B0-4F5D-BAAE-69AF39604BAD}"
EndProject
Project("{2150E333-8FDC-42A3-9474-1A3956D46DE8}") = ".nuget", ".nuget", "{440AEF07-3CBA-4949-8469-D1BEAEDFB380}"
	ProjectSection(SolutionItems) = preProject
		.nuget\NuGet.Config = .nuget\NuGet.Config
		.nuget\NuGet.exe = .nuget\NuGet.exe
		.nuget\NuGet.targets = .nuget\NuGet.targets
	EndProjectSection
EndProject
Project("{FAE04EC0-301F-11D3-BF4B-00C04F79EFBC}") = "UnitTesting", "UnitTesting\UnitTesting.csproj", "{C5C895AF-5F26-4E0E-9AA4-B49624BBE941}"
EndProject
Global
	GlobalSection(TeamFoundationVersionControl) = preSolution
		SccNumberOfProjects = 4
		SccEnterpriseProvider = {4CA58AB2-18FA-4F8D-95D4-32DDF27D184C}
		SccTeamFoundationServer = https://slimbabay.visualstudio.com/defaultcollection
		SccLocalPath0 = .
		SccProjectUniqueName1 = Project2-Engi3675\\Project2-Engi3675.csproj
		SccProjectName1 = Project2-Engi3675
		SccLocalPath1 = Project2-Engi3675
		SccProjectUniqueName2 = Documentation\\Documentation.shfbproj
		SccProjectName2 = Documentation
		SccLocalPath2 = Documentation
		SccProjectUniqueName3 = UnitTesting\\UnitTesting.csproj
		SccProjectName3 = UnitTesting
		SccLocalPath3 = UnitTesting
	EndGlobalSection
	GlobalSection(SolutionConfigurationPlatforms) = preSolution
		Debug|Any CPU = Debug|Any CPU
		Debug|x64 = Debug|x64
		Debug|x86 = Debug|x86
		Release|Any CPU = Release|Any CPU
		Release|x64 = Release|x64
		Release|x86 = Release|x86
	EndGlobalSection
	GlobalSection(ProjectConfigurationPlatforms) = postSolution
		{5D05987A-CAEA-4092-9D7C-13C270241989}.Debug|Any CPU.ActiveCfg = Debug|Any CPU
		{5D05987A-CAEA-4092-9D7C-13C270241989}.Debug|Any CPU.Build.0 = Debug|Any CPU
		{5D05987A-CAEA-4092-9D7C-13C270241989}.Debug|x64.ActiveCfg = Debug|x64
		{5D05987A-CAEA-4092-9D7C-13C270241989}.Debug|x64.Build.0 = Debug|x64
		{5D05987A-CAEA-4092-9D7C-13C270241989}.Debug|x86.ActiveCfg = Debug|x86
		{5D05987A-CAEA-4092-9D7C-13C270241989}.Debug|x86.Build.0 = Debug|x86
		{5D05987A-CAEA-4092-9D7C-13C270241989}.Release|Any CPU.ActiveCfg = Release|Any CPU
		{5D05987A-CAEA-4092-9D7C-13C270241989}.Release|Any CPU.Build.0 = Release|Any CPU
		{5D05987A-CAEA-4092-9D7C-13C270241989}.Release|x64.ActiveCfg = Release|x64
		{5D05987A-CAEA-4092-9D7C-13C270241989}.Release|x64.Build.0 = Release|x64
		{5D05987A-CAEA-4092-9D7C-13C270241989}.Release|x86.ActiveCfg = Release|x86
		{5D05987A-CAEA-4092-9D7C-13C270241989}.Release|x86.Build.0 = Release|x86
		{921413EB-17B0-4F5D-BAAE-69AF39604BAD}.Debug|Any CPU.ActiveCfg = Debug|Any CPU
		{921413EB-17B0-4F5D-BAAE-69AF39604BAD}.Debug|x64.ActiveCfg = Debug|Any CPU
		{921413EB-17B0-4F5D-BAAE-69AF39604BAD}.Debug|x86.ActiveCfg = Debug|Any CPU
		{921413EB-17B0-4F5D-BAAE-69AF39604BAD}.Release|Any CPU.ActiveCfg = Release|Any CPU
		{921413EB-17B0-4F5D-BAAE-69AF39604BAD}.Release|x64.ActiveCfg = Release|Any CPU
		{921413EB-17B0-4F5D-BAAE-69AF39604BAD}.Release|x86.ActiveCfg = Release|Any CPU
		{C5C895AF-5F26-4E0E-9AA4-B49624BBE941}.Debug|Any CPU.ActiveCfg = Debug|Any CPU
		{C5C895AF-5F26-4E0E-9AA4-B49624BBE941}.Debug|Any CPU.Build.0 = Debug|Any CPU
		{C5C895AF-5F26-4E0E-9AA4-B49624BBE941}.Debug|x64.ActiveCfg = Debug|x64
		{C5C895AF-5F26-4E0E-9AA4-B49624BBE941}.Debug|x64.Build.0 = Debug|x64
		{C5C895AF-5F26-4E0E-9AA4-B49624BBE941}.Debug|x86.ActiveCfg = Debug|x86
		{C5C895AF-5F26-4E0E-9AA4-B49624BBE941}.Debug|x86.Build.0 = Debug|x86
		{C5C895AF-5F26-4E0E-9AA4-B49624BBE941}.Release|Any CPU.ActiveCfg = Release|Any CPU
		{C5C895AF-5F26-4E0E-9AA4-B49624BBE941}.Release|Any CPU.Build.0 = Release|Any CPU
		{C5C895AF-5F26-4E0E-9AA4-B49624BBE941}.Release|x64.ActiveCfg = Release|x64
		{C5C895AF-5F26-4E0E-9AA4-B49624BBE941}.Release|x64.Build.0 = Release|x64
		{C5C895AF-5F26-4E0E-9AA4-B49624BBE941}.Release|x86.ActiveCfg = Release|x86
		{C5C895AF-5F26-4E0E-9AA4-B49624BBE941}.Release|x86.Build.0 = Release|x86
	EndGlobalSection
	GlobalSection(SolutionProperties) = preSolution
		HideSolutionNode = FALSE
	EndGlobalSection
EndGlobal
